// !$*UTF8*$!
{
	archiveVersion = 1;
	classes = {
	};
	objectVersion = 56;
	objects = {

/* Begin PBXBuildFile section */
		4BA5FE602BA92C1700E4F77C /* NewsViewController.swift in Sources */ = {isa = PBXBuildFile; fileRef = 4BA5FE5F2BA92C1700E4F77C /* NewsViewController.swift */; };
		4BA5FE622BA92CA900E4F77C /* NewsPresenter.swift in Sources */ = {isa = PBXBuildFile; fileRef = 4BA5FE612BA92CA900E4F77C /* NewsPresenter.swift */; };
		4BB193AF2B94D71E0007764C /* AppDelegate.swift in Sources */ = {isa = PBXBuildFile; fileRef = 4BB193AE2B94D71E0007764C /* AppDelegate.swift */; };
		4BB193B12B94D71E0007764C /* SceneDelegate.swift in Sources */ = {isa = PBXBuildFile; fileRef = 4BB193B02B94D71E0007764C /* SceneDelegate.swift */; };
		4BB193B92B94D71E0007764C /* SplitterIOS.xcdatamodeld in Sources */ = {isa = PBXBuildFile; fileRef = 4BB193B72B94D71E0007764C /* SplitterIOS.xcdatamodeld */; };
		4BB193BB2B94D7200007764C /* Assets.xcassets in Resources */ = {isa = PBXBuildFile; fileRef = 4BB193BA2B94D7200007764C /* Assets.xcassets */; };
		4BB193BE2B94D7200007764C /* LaunchScreen.storyboard in Resources */ = {isa = PBXBuildFile; fileRef = 4BB193BC2B94D7200007764C /* LaunchScreen.storyboard */; };
		4BB193C92B94D7210007764C /* SplitterIOSTests.swift in Sources */ = {isa = PBXBuildFile; fileRef = 4BB193C82B94D7210007764C /* SplitterIOSTests.swift */; };
		4BB193D32B94D7210007764C /* SplitterIOSUITests.swift in Sources */ = {isa = PBXBuildFile; fileRef = 4BB193D22B94D7210007764C /* SplitterIOSUITests.swift */; };
		4BB193D52B94D7210007764C /* SplitterIOSUITestsLaunchTests.swift in Sources */ = {isa = PBXBuildFile; fileRef = 4BB193D42B94D7210007764C /* SplitterIOSUITestsLaunchTests.swift */; };
		4BC9008E2BA87CAE0087D290 /* SnapKit in Frameworks */ = {isa = PBXBuildFile; productRef = 4BC9008D2BA87CAE0087D290 /* SnapKit */; };
		4BC900902BA87CAE0087D290 /* SnapKit-Dynamic in Frameworks */ = {isa = PBXBuildFile; productRef = 4BC9008F2BA87CAE0087D290 /* SnapKit-Dynamic */; };
		4BC900932BA87D000087D290 /* XCoordinator in Frameworks */ = {isa = PBXBuildFile; productRef = 4BC900922BA87D000087D290 /* XCoordinator */; };
		4BC900952BA87D000087D290 /* XCoordinatorCombine in Frameworks */ = {isa = PBXBuildFile; productRef = 4BC900942BA87D000087D290 /* XCoordinatorCombine */; };
		4BC900972BA87D000087D290 /* XCoordinatorRx in Frameworks */ = {isa = PBXBuildFile; productRef = 4BC900962BA87D000087D290 /* XCoordinatorRx */; };
		4BC9009A2BA8822D0087D290 /* HomeCoordinator.swift in Sources */ = {isa = PBXBuildFile; fileRef = 4BC900992BA8822D0087D290 /* HomeCoordinator.swift */; };
		4BC9009C2BA8826F0087D290 /* MainTabBarCoordinator.swift in Sources */ = {isa = PBXBuildFile; fileRef = 4BC9009B2BA8826F0087D290 /* MainTabBarCoordinator.swift */; };
		4BC9009E2BA882910087D290 /* PreviewMock.swift in Sources */ = {isa = PBXBuildFile; fileRef = 4BC9009D2BA882910087D290 /* PreviewMock.swift */; };
		4BC900A02BA882A00087D290 /* EmptyRouter.swift in Sources */ = {isa = PBXBuildFile; fileRef = 4BC9009F2BA882A00087D290 /* EmptyRouter.swift */; };
		4BC900A32BA882CE0087D290 /* NotepadCoordinator.swift in Sources */ = {isa = PBXBuildFile; fileRef = 4BC900A22BA882CE0087D290 /* NotepadCoordinator.swift */; };
		4BC900A52BA882D70087D290 /* ProfileCoordinator.swift in Sources */ = {isa = PBXBuildFile; fileRef = 4BC900A42BA882D70087D290 /* ProfileCoordinator.swift */; };
		4BC900A82BA883A00087D290 /* Strings+Generated.swift in Sources */ = {isa = PBXBuildFile; fileRef = 4BC900A72BA883A00087D290 /* Strings+Generated.swift */; };
		4BC900AA2BA883B90087D290 /* XCAssets+Generated.swift in Sources */ = {isa = PBXBuildFile; fileRef = 4BC900A92BA883B90087D290 /* XCAssets+Generated.swift */; };
		4BC900AE2BA8AE760087D290 /* Localizable.strings in Resources */ = {isa = PBXBuildFile; fileRef = 4BC900AD2BA8AE760087D290 /* Localizable.strings */; };
		4BC900B42BA8C1470087D290 /* HomePresenter.swift in Sources */ = {isa = PBXBuildFile; fileRef = 4BC900B02BA8C1470087D290 /* HomePresenter.swift */; };
		4BC900B62BA8C1470087D290 /* HomeViewController.swift in Sources */ = {isa = PBXBuildFile; fileRef = 4BC900B22BA8C1470087D290 /* HomeViewController.swift */; };
/* End PBXBuildFile section */

/* Begin PBXContainerItemProxy section */
		4BB193C52B94D7210007764C /* PBXContainerItemProxy */ = {
			isa = PBXContainerItemProxy;
			containerPortal = 4BB193A32B94D71E0007764C /* Project object */;
			proxyType = 1;
			remoteGlobalIDString = 4BB193AA2B94D71E0007764C;
			remoteInfo = SplitterIOS;
		};
		4BB193CF2B94D7210007764C /* PBXContainerItemProxy */ = {
			isa = PBXContainerItemProxy;
			containerPortal = 4BB193A32B94D71E0007764C /* Project object */;
			proxyType = 1;
			remoteGlobalIDString = 4BB193AA2B94D71E0007764C;
			remoteInfo = SplitterIOS;
		};
/* End PBXContainerItemProxy section */

/* Begin PBXFileReference section */
		4BA5FE5F2BA92C1700E4F77C /* NewsViewController.swift */ = {isa = PBXFileReference; lastKnownFileType = sourcecode.swift; path = NewsViewController.swift; sourceTree = "<group>"; };
		4BA5FE612BA92CA900E4F77C /* NewsPresenter.swift */ = {isa = PBXFileReference; lastKnownFileType = sourcecode.swift; path = NewsPresenter.swift; sourceTree = "<group>"; };
		4BB193AB2B94D71E0007764C /* SplitterIOS.app */ = {isa = PBXFileReference; explicitFileType = wrapper.application; includeInIndex = 0; path = SplitterIOS.app; sourceTree = BUILT_PRODUCTS_DIR; };
		4BB193AE2B94D71E0007764C /* AppDelegate.swift */ = {isa = PBXFileReference; lastKnownFileType = sourcecode.swift; path = AppDelegate.swift; sourceTree = "<group>"; };
		4BB193B02B94D71E0007764C /* SceneDelegate.swift */ = {isa = PBXFileReference; lastKnownFileType = sourcecode.swift; path = SceneDelegate.swift; sourceTree = "<group>"; };
		4BB193B82B94D71E0007764C /* SplitterIOS.xcdatamodel */ = {isa = PBXFileReference; lastKnownFileType = wrapper.xcdatamodel; path = SplitterIOS.xcdatamodel; sourceTree = "<group>"; };
		4BB193BA2B94D7200007764C /* Assets.xcassets */ = {isa = PBXFileReference; lastKnownFileType = folder.assetcatalog; path = Assets.xcassets; sourceTree = "<group>"; };
		4BB193BD2B94D7200007764C /* Base */ = {isa = PBXFileReference; lastKnownFileType = file.storyboard; name = Base; path = Base.lproj/LaunchScreen.storyboard; sourceTree = "<group>"; };
		4BB193BF2B94D7200007764C /* Info.plist */ = {isa = PBXFileReference; lastKnownFileType = text.plist.xml; path = Info.plist; sourceTree = "<group>"; };
		4BB193C42B94D7210007764C /* SplitterIOSTests.xctest */ = {isa = PBXFileReference; explicitFileType = wrapper.cfbundle; includeInIndex = 0; path = SplitterIOSTests.xctest; sourceTree = BUILT_PRODUCTS_DIR; };
		4BB193C82B94D7210007764C /* SplitterIOSTests.swift */ = {isa = PBXFileReference; lastKnownFileType = sourcecode.swift; path = SplitterIOSTests.swift; sourceTree = "<group>"; };
		4BB193CE2B94D7210007764C /* SplitterIOSUITests.xctest */ = {isa = PBXFileReference; explicitFileType = wrapper.cfbundle; includeInIndex = 0; path = SplitterIOSUITests.xctest; sourceTree = BUILT_PRODUCTS_DIR; };
		4BB193D22B94D7210007764C /* SplitterIOSUITests.swift */ = {isa = PBXFileReference; lastKnownFileType = sourcecode.swift; path = SplitterIOSUITests.swift; sourceTree = "<group>"; };
		4BB193D42B94D7210007764C /* SplitterIOSUITestsLaunchTests.swift */ = {isa = PBXFileReference; lastKnownFileType = sourcecode.swift; path = SplitterIOSUITestsLaunchTests.swift; sourceTree = "<group>"; };
		4BC900992BA8822D0087D290 /* HomeCoordinator.swift */ = {isa = PBXFileReference; lastKnownFileType = sourcecode.swift; path = HomeCoordinator.swift; sourceTree = "<group>"; };
		4BC9009B2BA8826F0087D290 /* MainTabBarCoordinator.swift */ = {isa = PBXFileReference; lastKnownFileType = sourcecode.swift; path = MainTabBarCoordinator.swift; sourceTree = "<group>"; };
		4BC9009D2BA882910087D290 /* PreviewMock.swift */ = {isa = PBXFileReference; lastKnownFileType = sourcecode.swift; path = PreviewMock.swift; sourceTree = "<group>"; };
		4BC9009F2BA882A00087D290 /* EmptyRouter.swift */ = {isa = PBXFileReference; lastKnownFileType = sourcecode.swift; path = EmptyRouter.swift; sourceTree = "<group>"; };
		4BC900A22BA882CE0087D290 /* NotepadCoordinator.swift */ = {isa = PBXFileReference; lastKnownFileType = sourcecode.swift; path = NotepadCoordinator.swift; sourceTree = "<group>"; };
		4BC900A42BA882D70087D290 /* ProfileCoordinator.swift */ = {isa = PBXFileReference; lastKnownFileType = sourcecode.swift; path = ProfileCoordinator.swift; sourceTree = "<group>"; };
		4BC900A72BA883A00087D290 /* Strings+Generated.swift */ = {isa = PBXFileReference; lastKnownFileType = sourcecode.swift; path = "Strings+Generated.swift"; sourceTree = "<group>"; };
		4BC900A92BA883B90087D290 /* XCAssets+Generated.swift */ = {isa = PBXFileReference; lastKnownFileType = sourcecode.swift; path = "XCAssets+Generated.swift"; sourceTree = "<group>"; };
		4BC900AD2BA8AE760087D290 /* Localizable.strings */ = {isa = PBXFileReference; lastKnownFileType = text.plist.strings; path = Localizable.strings; sourceTree = "<group>"; };
		4BC900B02BA8C1470087D290 /* HomePresenter.swift */ = {isa = PBXFileReference; lastKnownFileType = sourcecode.swift; path = HomePresenter.swift; sourceTree = "<group>"; };
		4BC900B22BA8C1470087D290 /* HomeViewController.swift */ = {isa = PBXFileReference; lastKnownFileType = sourcecode.swift; path = HomeViewController.swift; sourceTree = "<group>"; };
/* End PBXFileReference section */

/* Begin PBXFrameworksBuildPhase section */
		4BB193A82B94D71E0007764C /* Frameworks */ = {
			isa = PBXFrameworksBuildPhase;
			buildActionMask = 2147483647;
			files = (
				4BC900952BA87D000087D290 /* XCoordinatorCombine in Frameworks */,
				4BC900972BA87D000087D290 /* XCoordinatorRx in Frameworks */,
				4BC9008E2BA87CAE0087D290 /* SnapKit in Frameworks */,
				4BC900932BA87D000087D290 /* XCoordinator in Frameworks */,
				4BC900902BA87CAE0087D290 /* SnapKit-Dynamic in Frameworks */,
			);
			runOnlyForDeploymentPostprocessing = 0;
		};
		4BB193C12B94D7210007764C /* Frameworks */ = {
			isa = PBXFrameworksBuildPhase;
			buildActionMask = 2147483647;
			files = (
			);
			runOnlyForDeploymentPostprocessing = 0;
		};
		4BB193CB2B94D7210007764C /* Frameworks */ = {
			isa = PBXFrameworksBuildPhase;
			buildActionMask = 2147483647;
			files = (
			);
			runOnlyForDeploymentPostprocessing = 0;
		};
/* End PBXFrameworksBuildPhase section */

/* Begin PBXGroup section */
		4BB193A22B94D71E0007764C = {
			isa = PBXGroup;
			children = (
				4BB193AD2B94D71E0007764C /* SplitterIOS */,
				4BB193C72B94D7210007764C /* SplitterIOSTests */,
				4BB193D12B94D7210007764C /* SplitterIOSUITests */,
				4BB193AC2B94D71E0007764C /* Products */,
				4BC9008B2BA87C460087D290 /* Frameworks */,
			);
			sourceTree = "<group>";
		};
		4BB193AC2B94D71E0007764C /* Products */ = {
			isa = PBXGroup;
			children = (
				4BB193AB2B94D71E0007764C /* SplitterIOS.app */,
				4BB193C42B94D7210007764C /* SplitterIOSTests.xctest */,
				4BB193CE2B94D7210007764C /* SplitterIOSUITests.xctest */,
			);
			name = Products;
			sourceTree = "<group>";
		};
		4BB193AD2B94D71E0007764C /* SplitterIOS */ = {
			isa = PBXGroup;
			children = (
				4BB193AE2B94D71E0007764C /* AppDelegate.swift */,
				4BB193B02B94D71E0007764C /* SceneDelegate.swift */,
				4BC900B82BA8C1810087D290 /* Main */,
				4BC900982BA881C50087D290 /* Coordinators */,
				4BB193BC2B94D7200007764C /* LaunchScreen.storyboard */,
				4BC900A62BA883880087D290 /* Generated */,
				4BC900AF2BA8AEB40087D290 /* en.lproj */,
				4BB193BA2B94D7200007764C /* Assets.xcassets */,
				4BB193B72B94D71E0007764C /* SplitterIOS.xcdatamodeld */,
				4BB193BF2B94D7200007764C /* Info.plist */,
			);
			path = SplitterIOS;
			sourceTree = "<group>";
		};
		4BB193C72B94D7210007764C /* SplitterIOSTests */ = {
			isa = PBXGroup;
			children = (
				4BB193C82B94D7210007764C /* SplitterIOSTests.swift */,
			);
			path = SplitterIOSTests;
			sourceTree = "<group>";
		};
		4BB193D12B94D7210007764C /* SplitterIOSUITests */ = {
			isa = PBXGroup;
			children = (
				4BB193D22B94D7210007764C /* SplitterIOSUITests.swift */,
				4BB193D42B94D7210007764C /* SplitterIOSUITestsLaunchTests.swift */,
			);
			path = SplitterIOSUITests;
			sourceTree = "<group>";
		};
		4BC9008B2BA87C460087D290 /* Frameworks */ = {
			isa = PBXGroup;
			children = (
			);
			name = Frameworks;
			sourceTree = "<group>";
		};
		4BC900982BA881C50087D290 /* Coordinators */ = {
			isa = PBXGroup;
			children = (
				4BC900992BA8822D0087D290 /* HomeCoordinator.swift */,
				4BC9009B2BA8826F0087D290 /* MainTabBarCoordinator.swift */,
				4BC900A22BA882CE0087D290 /* NotepadCoordinator.swift */,
				4BC900A42BA882D70087D290 /* ProfileCoordinator.swift */,
				4BC900A12BA882B20087D290 /* Router */,
			);
			path = Coordinators;
			sourceTree = "<group>";
		};
		4BC900A12BA882B20087D290 /* Router */ = {
			isa = PBXGroup;
			children = (
				4BC9009F2BA882A00087D290 /* EmptyRouter.swift */,
				4BC9009D2BA882910087D290 /* PreviewMock.swift */,
			);
			path = Router;
			sourceTree = "<group>";
		};
		4BC900A62BA883880087D290 /* Generated */ = {
			isa = PBXGroup;
			children = (
				4BC900A72BA883A00087D290 /* Strings+Generated.swift */,
				4BC900A92BA883B90087D290 /* XCAssets+Generated.swift */,
			);
			path = Generated;
			sourceTree = "<group>";
		};
		4BC900AF2BA8AEB40087D290 /* en.lproj */ = {
			isa = PBXGroup;
			children = (
				4BC900AD2BA8AE760087D290 /* Localizable.strings */,
			);
			path = en.lproj;
			sourceTree = "<group>";
		};
		4BC900B82BA8C1810087D290 /* Main */ = {
			isa = PBXGroup;
			children = (
				4BC900B92BA8C3AA0087D290 /* Home */,
			);
			path = Main;
			sourceTree = "<group>";
		};
		4BC900B92BA8C3AA0087D290 /* Home */ = {
			isa = PBXGroup;
			children = (
				4BC900B22BA8C1470087D290 /* HomeViewController.swift */,
				4BC900B02BA8C1470087D290 /* HomePresenter.swift */,
				4BA5FE5F2BA92C1700E4F77C /* NewsViewController.swift */,
				4BA5FE612BA92CA900E4F77C /* NewsPresenter.swift */,
			);
			name = Home;
			sourceTree = "<group>";
		};
/* End PBXGroup section */

/* Begin PBXNativeTarget section */
		4BB193AA2B94D71E0007764C /* SplitterIOS */ = {
			isa = PBXNativeTarget;
			buildConfigurationList = 4BB193D82B94D7210007764C /* Build configuration list for PBXNativeTarget "SplitterIOS" */;
			buildPhases = (
				4BB193A72B94D71E0007764C /* Sources */,
				4BB193A82B94D71E0007764C /* Frameworks */,
				4BB193A92B94D71E0007764C /* Resources */,
			);
			buildRules = (
			);
			dependencies = (
			);
			name = SplitterIOS;
			packageProductDependencies = (
				4BC9008D2BA87CAE0087D290 /* SnapKit */,
				4BC9008F2BA87CAE0087D290 /* SnapKit-Dynamic */,
				4BC900922BA87D000087D290 /* XCoordinator */,
				4BC900942BA87D000087D290 /* XCoordinatorCombine */,
				4BC900962BA87D000087D290 /* XCoordinatorRx */,
			);
			productName = SplitterIOS;
			productReference = 4BB193AB2B94D71E0007764C /* SplitterIOS.app */;
			productType = "com.apple.product-type.application";
		};
		4BB193C32B94D7210007764C /* SplitterIOSTests */ = {
			isa = PBXNativeTarget;
			buildConfigurationList = 4BB193DB2B94D7210007764C /* Build configuration list for PBXNativeTarget "SplitterIOSTests" */;
			buildPhases = (
				4BB193C02B94D7210007764C /* Sources */,
				4BB193C12B94D7210007764C /* Frameworks */,
				4BB193C22B94D7210007764C /* Resources */,
			);
			buildRules = (
			);
			dependencies = (
				4BB193C62B94D7210007764C /* PBXTargetDependency */,
			);
			name = SplitterIOSTests;
			productName = SplitterIOSTests;
			productReference = 4BB193C42B94D7210007764C /* SplitterIOSTests.xctest */;
			productType = "com.apple.product-type.bundle.unit-test";
		};
		4BB193CD2B94D7210007764C /* SplitterIOSUITests */ = {
			isa = PBXNativeTarget;
			buildConfigurationList = 4BB193DE2B94D7210007764C /* Build configuration list for PBXNativeTarget "SplitterIOSUITests" */;
			buildPhases = (
				4BB193CA2B94D7210007764C /* Sources */,
				4BB193CB2B94D7210007764C /* Frameworks */,
				4BB193CC2B94D7210007764C /* Resources */,
			);
			buildRules = (
			);
			dependencies = (
				4BB193D02B94D7210007764C /* PBXTargetDependency */,
			);
			name = SplitterIOSUITests;
			productName = SplitterIOSUITests;
			productReference = 4BB193CE2B94D7210007764C /* SplitterIOSUITests.xctest */;
			productType = "com.apple.product-type.bundle.ui-testing";
		};
/* End PBXNativeTarget section */

/* Begin PBXProject section */
		4BB193A32B94D71E0007764C /* Project object */ = {
			isa = PBXProject;
			attributes = {
				BuildIndependentTargetsInParallel = 1;
				LastSwiftUpdateCheck = 1510;
				LastUpgradeCheck = 1510;
				TargetAttributes = {
					4BB193AA2B94D71E0007764C = {
						CreatedOnToolsVersion = 15.1;
					};
					4BB193C32B94D7210007764C = {
						CreatedOnToolsVersion = 15.1;
						TestTargetID = 4BB193AA2B94D71E0007764C;
					};
					4BB193CD2B94D7210007764C = {
						CreatedOnToolsVersion = 15.1;
						TestTargetID = 4BB193AA2B94D71E0007764C;
					};
				};
			};
			buildConfigurationList = 4BB193A62B94D71E0007764C /* Build configuration list for PBXProject "SplitterIOS" */;
			compatibilityVersion = "Xcode 14.0";
			developmentRegion = en;
			hasScannedForEncodings = 0;
			knownRegions = (
				en,
				Base,
			);
			mainGroup = 4BB193A22B94D71E0007764C;
			packageReferences = (
				4BC9008C2BA87CAE0087D290 /* XCRemoteSwiftPackageReference "SnapKit" */,
				4BC900912BA87D000087D290 /* XCRemoteSwiftPackageReference "XCoordinator" */,
				4BC900AB2BA88AFB0087D290 /* XCRemoteSwiftPackageReference "SwiftGen" */,
			);
			productRefGroup = 4BB193AC2B94D71E0007764C /* Products */;
			projectDirPath = "";
			projectRoot = "";
			targets = (
				4BB193AA2B94D71E0007764C /* SplitterIOS */,
				4BB193C32B94D7210007764C /* SplitterIOSTests */,
				4BB193CD2B94D7210007764C /* SplitterIOSUITests */,
			);
		};
/* End PBXProject section */

/* Begin PBXResourcesBuildPhase section */
		4BB193A92B94D71E0007764C /* Resources */ = {
			isa = PBXResourcesBuildPhase;
			buildActionMask = 2147483647;
			files = (
				4BB193BE2B94D7200007764C /* LaunchScreen.storyboard in Resources */,
				4BC900AE2BA8AE760087D290 /* Localizable.strings in Resources */,
				4BB193BB2B94D7200007764C /* Assets.xcassets in Resources */,
			);
			runOnlyForDeploymentPostprocessing = 0;
		};
		4BB193C22B94D7210007764C /* Resources */ = {
			isa = PBXResourcesBuildPhase;
			buildActionMask = 2147483647;
			files = (
			);
			runOnlyForDeploymentPostprocessing = 0;
		};
		4BB193CC2B94D7210007764C /* Resources */ = {
			isa = PBXResourcesBuildPhase;
			buildActionMask = 2147483647;
			files = (
			);
			runOnlyForDeploymentPostprocessing = 0;
		};
/* End PBXResourcesBuildPhase section */

/* Begin PBXSourcesBuildPhase section */
		4BB193A72B94D71E0007764C /* Sources */ = {
			isa = PBXSourcesBuildPhase;
			buildActionMask = 2147483647;
			files = (
				4BC900AA2BA883B90087D290 /* XCAssets+Generated.swift in Sources */,
				4BC900A52BA882D70087D290 /* ProfileCoordinator.swift in Sources */,
				4BC900B62BA8C1470087D290 /* HomeViewController.swift in Sources */,
				4BC9009E2BA882910087D290 /* PreviewMock.swift in Sources */,
				4BC900A82BA883A00087D290 /* Strings+Generated.swift in Sources */,
				4BC900A02BA882A00087D290 /* EmptyRouter.swift in Sources */,
				4BC900A32BA882CE0087D290 /* NotepadCoordinator.swift in Sources */,
				4BB193AF2B94D71E0007764C /* AppDelegate.swift in Sources */,
				4BC9009C2BA8826F0087D290 /* MainTabBarCoordinator.swift in Sources */,
				4BB193B92B94D71E0007764C /* SplitterIOS.xcdatamodeld in Sources */,
				4BB193B12B94D71E0007764C /* SceneDelegate.swift in Sources */,
				4BA5FE602BA92C1700E4F77C /* NewsViewController.swift in Sources */,
				4BA5FE622BA92CA900E4F77C /* NewsPresenter.swift in Sources */,
				4BC9009A2BA8822D0087D290 /* HomeCoordinator.swift in Sources */,
				4BC900B42BA8C1470087D290 /* HomePresenter.swift in Sources */,
			);
			runOnlyForDeploymentPostprocessing = 0;
		};
		4BB193C02B94D7210007764C /* Sources */ = {
			isa = PBXSourcesBuildPhase;
			buildActionMask = 2147483647;
			files = (
				4BB193C92B94D7210007764C /* SplitterIOSTests.swift in Sources */,
			);
			runOnlyForDeploymentPostprocessing = 0;
		};
		4BB193CA2B94D7210007764C /* Sources */ = {
			isa = PBXSourcesBuildPhase;
			buildActionMask = 2147483647;
			files = (
				4BB193D32B94D7210007764C /* SplitterIOSUITests.swift in Sources */,
				4BB193D52B94D7210007764C /* SplitterIOSUITestsLaunchTests.swift in Sources */,
			);
			runOnlyForDeploymentPostprocessing = 0;
		};
/* End PBXSourcesBuildPhase section */

/* Begin PBXTargetDependency section */
		4BB193C62B94D7210007764C /* PBXTargetDependency */ = {
			isa = PBXTargetDependency;
			target = 4BB193AA2B94D71E0007764C /* SplitterIOS */;
			targetProxy = 4BB193C52B94D7210007764C /* PBXContainerItemProxy */;
		};
		4BB193D02B94D7210007764C /* PBXTargetDependency */ = {
			isa = PBXTargetDependency;
			target = 4BB193AA2B94D71E0007764C /* SplitterIOS */;
			targetProxy = 4BB193CF2B94D7210007764C /* PBXContainerItemProxy */;
		};
/* End PBXTargetDependency section */

/* Begin PBXVariantGroup section */
		4BB193BC2B94D7200007764C /* LaunchScreen.storyboard */ = {
			isa = PBXVariantGroup;
			children = (
				4BB193BD2B94D7200007764C /* Base */,
			);
			name = LaunchScreen.storyboard;
			sourceTree = "<group>";
		};
/* End PBXVariantGroup section */

/* Begin XCBuildConfiguration section */
		4BB193D62B94D7210007764C /* Debug */ = {
			isa = XCBuildConfiguration;
			buildSettings = {
				ALWAYS_SEARCH_USER_PATHS = NO;
				ASSETCATALOG_COMPILER_GENERATE_SWIFT_ASSET_SYMBOL_EXTENSIONS = YES;
				CLANG_ANALYZER_NONNULL = YES;
				CLANG_ANALYZER_NUMBER_OBJECT_CONVERSION = YES_AGGRESSIVE;
				CLANG_CXX_LANGUAGE_STANDARD = "gnu++20";
				CLANG_ENABLE_MODULES = YES;
				CLANG_ENABLE_OBJC_ARC = YES;
				CLANG_ENABLE_OBJC_WEAK = YES;
				CLANG_WARN_BLOCK_CAPTURE_AUTORELEASING = YES;
				CLANG_WARN_BOOL_CONVERSION = YES;
				CLANG_WARN_COMMA = YES;
				CLANG_WARN_CONSTANT_CONVERSION = YES;
				CLANG_WARN_DEPRECATED_OBJC_IMPLEMENTATIONS = YES;
				CLANG_WARN_DIRECT_OBJC_ISA_USAGE = YES_ERROR;
				CLANG_WARN_DOCUMENTATION_COMMENTS = YES;
				CLANG_WARN_EMPTY_BODY = YES;
				CLANG_WARN_ENUM_CONVERSION = YES;
				CLANG_WARN_INFINITE_RECURSION = YES;
				CLANG_WARN_INT_CONVERSION = YES;
				CLANG_WARN_NON_LITERAL_NULL_CONVERSION = YES;
				CLANG_WARN_OBJC_IMPLICIT_RETAIN_SELF = YES;
				CLANG_WARN_OBJC_LITERAL_CONVERSION = YES;
				CLANG_WARN_OBJC_ROOT_CLASS = YES_ERROR;
				CLANG_WARN_QUOTED_INCLUDE_IN_FRAMEWORK_HEADER = YES;
				CLANG_WARN_RANGE_LOOP_ANALYSIS = YES;
				CLANG_WARN_STRICT_PROTOTYPES = YES;
				CLANG_WARN_SUSPICIOUS_MOVE = YES;
				CLANG_WARN_UNGUARDED_AVAILABILITY = YES_AGGRESSIVE;
				CLANG_WARN_UNREACHABLE_CODE = YES;
				CLANG_WARN__DUPLICATE_METHOD_MATCH = YES;
				COPY_PHASE_STRIP = NO;
				DEBUG_INFORMATION_FORMAT = dwarf;
				ENABLE_STRICT_OBJC_MSGSEND = YES;
				ENABLE_TESTABILITY = YES;
				ENABLE_USER_SCRIPT_SANDBOXING = YES;
				GCC_C_LANGUAGE_STANDARD = gnu17;
				GCC_DYNAMIC_NO_PIC = NO;
				GCC_NO_COMMON_BLOCKS = YES;
				GCC_OPTIMIZATION_LEVEL = 0;
				GCC_PREPROCESSOR_DEFINITIONS = (
					"DEBUG=1",
					"$(inherited)",
				);
				GCC_WARN_64_TO_32_BIT_CONVERSION = YES;
				GCC_WARN_ABOUT_RETURN_TYPE = YES_ERROR;
				GCC_WARN_UNDECLARED_SELECTOR = YES;
				GCC_WARN_UNINITIALIZED_AUTOS = YES_AGGRESSIVE;
				GCC_WARN_UNUSED_FUNCTION = YES;
				GCC_WARN_UNUSED_VARIABLE = YES;
				IPHONEOS_DEPLOYMENT_TARGET = 17.2;
				LOCALIZATION_PREFERS_STRING_CATALOGS = YES;
				MTL_ENABLE_DEBUG_INFO = INCLUDE_SOURCE;
				MTL_FAST_MATH = YES;
				ONLY_ACTIVE_ARCH = YES;
				SDKROOT = iphoneos;
				SWIFT_ACTIVE_COMPILATION_CONDITIONS = "DEBUG $(inherited)";
				SWIFT_OPTIMIZATION_LEVEL = "-Onone";
			};
			name = Debug;
		};
		4BB193D72B94D7210007764C /* Release */ = {
			isa = XCBuildConfiguration;
			buildSettings = {
				ALWAYS_SEARCH_USER_PATHS = NO;
				ASSETCATALOG_COMPILER_GENERATE_SWIFT_ASSET_SYMBOL_EXTENSIONS = YES;
				CLANG_ANALYZER_NONNULL = YES;
				CLANG_ANALYZER_NUMBER_OBJECT_CONVERSION = YES_AGGRESSIVE;
				CLANG_CXX_LANGUAGE_STANDARD = "gnu++20";
				CLANG_ENABLE_MODULES = YES;
				CLANG_ENABLE_OBJC_ARC = YES;
				CLANG_ENABLE_OBJC_WEAK = YES;
				CLANG_WARN_BLOCK_CAPTURE_AUTORELEASING = YES;
				CLANG_WARN_BOOL_CONVERSION = YES;
				CLANG_WARN_COMMA = YES;
				CLANG_WARN_CONSTANT_CONVERSION = YES;
				CLANG_WARN_DEPRECATED_OBJC_IMPLEMENTATIONS = YES;
				CLANG_WARN_DIRECT_OBJC_ISA_USAGE = YES_ERROR;
				CLANG_WARN_DOCUMENTATION_COMMENTS = YES;
				CLANG_WARN_EMPTY_BODY = YES;
				CLANG_WARN_ENUM_CONVERSION = YES;
				CLANG_WARN_INFINITE_RECURSION = YES;
				CLANG_WARN_INT_CONVERSION = YES;
				CLANG_WARN_NON_LITERAL_NULL_CONVERSION = YES;
				CLANG_WARN_OBJC_IMPLICIT_RETAIN_SELF = YES;
				CLANG_WARN_OBJC_LITERAL_CONVERSION = YES;
				CLANG_WARN_OBJC_ROOT_CLASS = YES_ERROR;
				CLANG_WARN_QUOTED_INCLUDE_IN_FRAMEWORK_HEADER = YES;
				CLANG_WARN_RANGE_LOOP_ANALYSIS = YES;
				CLANG_WARN_STRICT_PROTOTYPES = YES;
				CLANG_WARN_SUSPICIOUS_MOVE = YES;
				CLANG_WARN_UNGUARDED_AVAILABILITY = YES_AGGRESSIVE;
				CLANG_WARN_UNREACHABLE_CODE = YES;
				CLANG_WARN__DUPLICATE_METHOD_MATCH = YES;
				COPY_PHASE_STRIP = NO;
				DEBUG_INFORMATION_FORMAT = "dwarf-with-dsym";
				ENABLE_NS_ASSERTIONS = NO;
				ENABLE_STRICT_OBJC_MSGSEND = YES;
				ENABLE_USER_SCRIPT_SANDBOXING = YES;
				GCC_C_LANGUAGE_STANDARD = gnu17;
				GCC_NO_COMMON_BLOCKS = YES;
				GCC_WARN_64_TO_32_BIT_CONVERSION = YES;
				GCC_WARN_ABOUT_RETURN_TYPE = YES_ERROR;
				GCC_WARN_UNDECLARED_SELECTOR = YES;
				GCC_WARN_UNINITIALIZED_AUTOS = YES_AGGRESSIVE;
				GCC_WARN_UNUSED_FUNCTION = YES;
				GCC_WARN_UNUSED_VARIABLE = YES;
				IPHONEOS_DEPLOYMENT_TARGET = 17.2;
				LOCALIZATION_PREFERS_STRING_CATALOGS = YES;
				MTL_ENABLE_DEBUG_INFO = NO;
				MTL_FAST_MATH = YES;
				SDKROOT = iphoneos;
				SWIFT_COMPILATION_MODE = wholemodule;
				VALIDATE_PRODUCT = YES;
			};
			name = Release;
		};
		4BB193D92B94D7210007764C /* Debug */ = {
			isa = XCBuildConfiguration;
			buildSettings = {
				ASSETCATALOG_COMPILER_APPICON_NAME = AppIcon;
				ASSETCATALOG_COMPILER_GLOBAL_ACCENT_COLOR_NAME = AccentColor;
				CODE_SIGN_STYLE = Automatic;
				CURRENT_PROJECT_VERSION = 1;
				DEVELOPMENT_TEAM = 25LC26J875;
				GENERATE_INFOPLIST_FILE = YES;
				INFOPLIST_FILE = SplitterIOS/Info.plist;
				INFOPLIST_KEY_UIApplicationSupportsIndirectInputEvents = YES;
				INFOPLIST_KEY_UILaunchStoryboardName = LaunchScreen;
				INFOPLIST_KEY_UISupportedInterfaceOrientations_iPad = "UIInterfaceOrientationPortrait UIInterfaceOrientationPortraitUpsideDown UIInterfaceOrientationLandscapeLeft UIInterfaceOrientationLandscapeRight";
				INFOPLIST_KEY_UISupportedInterfaceOrientations_iPhone = "UIInterfaceOrientationPortrait UIInterfaceOrientationLandscapeLeft UIInterfaceOrientationLandscapeRight";
				LD_RUNPATH_SEARCH_PATHS = (
					"$(inherited)",
					"@executable_path/Frameworks",
				);
				MARKETING_VERSION = 1.0;
				PRODUCT_BUNDLE_IDENTIFIER = shamil.aglarov.SplitterIOS;
				PRODUCT_NAME = "$(TARGET_NAME)";
				SWIFT_EMIT_LOC_STRINGS = YES;
				SWIFT_VERSION = 5.0;
				TARGETED_DEVICE_FAMILY = "1,2";
			};
			name = Debug;
		};
		4BB193DA2B94D7210007764C /* Release */ = {
			isa = XCBuildConfiguration;
			buildSettings = {
				ASSETCATALOG_COMPILER_APPICON_NAME = AppIcon;
				ASSETCATALOG_COMPILER_GLOBAL_ACCENT_COLOR_NAME = AccentColor;
				CODE_SIGN_STYLE = Automatic;
				CURRENT_PROJECT_VERSION = 1;
				DEVELOPMENT_TEAM = 25LC26J875;
				GENERATE_INFOPLIST_FILE = YES;
				INFOPLIST_FILE = SplitterIOS/Info.plist;
				INFOPLIST_KEY_UIApplicationSupportsIndirectInputEvents = YES;
				INFOPLIST_KEY_UILaunchStoryboardName = LaunchScreen;
				INFOPLIST_KEY_UISupportedInterfaceOrientations_iPad = "UIInterfaceOrientationPortrait UIInterfaceOrientationPortraitUpsideDown UIInterfaceOrientationLandscapeLeft UIInterfaceOrientationLandscapeRight";
				INFOPLIST_KEY_UISupportedInterfaceOrientations_iPhone = "UIInterfaceOrientationPortrait UIInterfaceOrientationLandscapeLeft UIInterfaceOrientationLandscapeRight";
				LD_RUNPATH_SEARCH_PATHS = (
					"$(inherited)",
					"@executable_path/Frameworks",
				);
				MARKETING_VERSION = 1.0;
				PRODUCT_BUNDLE_IDENTIFIER = shamil.aglarov.SplitterIOS;
				PRODUCT_NAME = "$(TARGET_NAME)";
				SWIFT_EMIT_LOC_STRINGS = YES;
				SWIFT_VERSION = 5.0;
				TARGETED_DEVICE_FAMILY = "1,2";
			};
			name = Release;
		};
		4BB193DC2B94D7210007764C /* Debug */ = {
			isa = XCBuildConfiguration;
			buildSettings = {
				ALWAYS_EMBED_SWIFT_STANDARD_LIBRARIES = YES;
				BUNDLE_LOADER = "$(TEST_HOST)";
				CODE_SIGN_STYLE = Automatic;
				CURRENT_PROJECT_VERSION = 1;
				DEVELOPMENT_TEAM = 25LC26J875;
				GENERATE_INFOPLIST_FILE = YES;
				IPHONEOS_DEPLOYMENT_TARGET = 17.2;
				MARKETING_VERSION = 1.0;
				PRODUCT_BUNDLE_IDENTIFIER = shamil.aglarov.SplitterIOSTests;
				PRODUCT_NAME = "$(TARGET_NAME)";
				SWIFT_EMIT_LOC_STRINGS = NO;
				SWIFT_VERSION = 5.0;
				TARGETED_DEVICE_FAMILY = "1,2";
				TEST_HOST = "$(BUILT_PRODUCTS_DIR)/SplitterIOS.app/$(BUNDLE_EXECUTABLE_FOLDER_PATH)/SplitterIOS";
			};
			name = Debug;
		};
		4BB193DD2B94D7210007764C /* Release */ = {
			isa = XCBuildConfiguration;
			buildSettings = {
				ALWAYS_EMBED_SWIFT_STANDARD_LIBRARIES = YES;
				BUNDLE_LOADER = "$(TEST_HOST)";
				CODE_SIGN_STYLE = Automatic;
				CURRENT_PROJECT_VERSION = 1;
				DEVELOPMENT_TEAM = 25LC26J875;
				GENERATE_INFOPLIST_FILE = YES;
				IPHONEOS_DEPLOYMENT_TARGET = 17.2;
				MARKETING_VERSION = 1.0;
				PRODUCT_BUNDLE_IDENTIFIER = shamil.aglarov.SplitterIOSTests;
				PRODUCT_NAME = "$(TARGET_NAME)";
				SWIFT_EMIT_LOC_STRINGS = NO;
				SWIFT_VERSION = 5.0;
				TARGETED_DEVICE_FAMILY = "1,2";
				TEST_HOST = "$(BUILT_PRODUCTS_DIR)/SplitterIOS.app/$(BUNDLE_EXECUTABLE_FOLDER_PATH)/SplitterIOS";
			};
			name = Release;
		};
		4BB193DF2B94D7210007764C /* Debug */ = {
			isa = XCBuildConfiguration;
			buildSettings = {
				ALWAYS_EMBED_SWIFT_STANDARD_LIBRARIES = YES;
				CODE_SIGN_STYLE = Automatic;
				CURRENT_PROJECT_VERSION = 1;
				DEVELOPMENT_TEAM = 25LC26J875;
				GENERATE_INFOPLIST_FILE = YES;
				MARKETING_VERSION = 1.0;
				PRODUCT_BUNDLE_IDENTIFIER = shamil.aglarov.SplitterIOSUITests;
				PRODUCT_NAME = "$(TARGET_NAME)";
				SWIFT_EMIT_LOC_STRINGS = NO;
				SWIFT_VERSION = 5.0;
				TARGETED_DEVICE_FAMILY = "1,2";
				TEST_TARGET_NAME = SplitterIOS;
			};
			name = Debug;
		};
		4BB193E02B94D7210007764C /* Release */ = {
			isa = XCBuildConfiguration;
			buildSettings = {
				ALWAYS_EMBED_SWIFT_STANDARD_LIBRARIES = YES;
				CODE_SIGN_STYLE = Automatic;
				CURRENT_PROJECT_VERSION = 1;
				DEVELOPMENT_TEAM = 25LC26J875;
				GENERATE_INFOPLIST_FILE = YES;
				MARKETING_VERSION = 1.0;
				PRODUCT_BUNDLE_IDENTIFIER = shamil.aglarov.SplitterIOSUITests;
				PRODUCT_NAME = "$(TARGET_NAME)";
				SWIFT_EMIT_LOC_STRINGS = NO;
				SWIFT_VERSION = 5.0;
				TARGETED_DEVICE_FAMILY = "1,2";
				TEST_TARGET_NAME = SplitterIOS;
			};
			name = Release;
		};
/* End XCBuildConfiguration section */

/* Begin XCConfigurationList section */
		4BB193A62B94D71E0007764C /* Build configuration list for PBXProject "SplitterIOS" */ = {
			isa = XCConfigurationList;
			buildConfigurations = (
				4BB193D62B94D7210007764C /* Debug */,
				4BB193D72B94D7210007764C /* Release */,
			);
			defaultConfigurationIsVisible = 0;
			defaultConfigurationName = Release;
		};
		4BB193D82B94D7210007764C /* Build configuration list for PBXNativeTarget "SplitterIOS" */ = {
			isa = XCConfigurationList;
			buildConfigurations = (
				4BB193D92B94D7210007764C /* Debug */,
				4BB193DA2B94D7210007764C /* Release */,
			);
			defaultConfigurationIsVisible = 0;
			defaultConfigurationName = Release;
		};
		4BB193DB2B94D7210007764C /* Build configuration list for PBXNativeTarget "SplitterIOSTests" */ = {
			isa = XCConfigurationList;
			buildConfigurations = (
				4BB193DC2B94D7210007764C /* Debug */,
				4BB193DD2B94D7210007764C /* Release */,
			);
			defaultConfigurationIsVisible = 0;
			defaultConfigurationName = Release;
		};
		4BB193DE2B94D7210007764C /* Build configuration list for PBXNativeTarget "SplitterIOSUITests" */ = {
			isa = XCConfigurationList;
			buildConfigurations = (
				4BB193DF2B94D7210007764C /* Debug */,
				4BB193E02B94D7210007764C /* Release */,
			);
			defaultConfigurationIsVisible = 0;
			defaultConfigurationName = Release;
		};
/* End XCConfigurationList section */

/* Begin XCRemoteSwiftPackageReference section */
		4BC9008C2BA87CAE0087D290 /* XCRemoteSwiftPackageReference "SnapKit" */ = {
			isa = XCRemoteSwiftPackageReference;
			repositoryURL = "https://github.com/SnapKit/SnapKit.git";
			requirement = {
				kind = upToNextMajorVersion;
				minimumVersion = 5.7.1;
			};
		};
		4BC900912BA87D000087D290 /* XCRemoteSwiftPackageReference "XCoordinator" */ = {
			isa = XCRemoteSwiftPackageReference;
			repositoryURL = "https://github.com/QuickBirdEng/XCoordinator.git";
			requirement = {
				kind = upToNextMajorVersion;
				minimumVersion = 2.2.1;
			};
		};
		4BC900AB2BA88AFB0087D290 /* XCRemoteSwiftPackageReference "SwiftGen" */ = {
			isa = XCRemoteSwiftPackageReference;
			repositoryURL = "https://github.com/SwiftGen/SwiftGen.git";
			requirement = {
				kind = upToNextMajorVersion;
				minimumVersion = 6.6.3;
			};
		};
/* End XCRemoteSwiftPackageReference section */

/* Begin XCSwiftPackageProductDependency section */
		4BC9008D2BA87CAE0087D290 /* SnapKit */ = {
			isa = XCSwiftPackageProductDependency;
			package = 4BC9008C2BA87CAE0087D290 /* XCRemoteSwiftPackageReference "SnapKit" */;
			productName = SnapKit;
		};
		4BC9008F2BA87CAE0087D290 /* SnapKit-Dynamic */ = {
			isa = XCSwiftPackageProductDependency;
			package = 4BC9008C2BA87CAE0087D290 /* XCRemoteSwiftPackageReference "SnapKit" */;
			productName = "SnapKit-Dynamic";
		};
		4BC900922BA87D000087D290 /* XCoordinator */ = {
			isa = XCSwiftPackageProductDependency;
			package = 4BC900912BA87D000087D290 /* XCRemoteSwiftPackageReference "XCoordinator" */;
			productName = XCoordinator;
		};
		4BC900942BA87D000087D290 /* XCoordinatorCombine */ = {
			isa = XCSwiftPackageProductDependency;
			package = 4BC900912BA87D000087D290 /* XCRemoteSwiftPackageReference "XCoordinator" */;
			productName = XCoordinatorCombine;
		};
		4BC900962BA87D000087D290 /* XCoordinatorRx */ = {
			isa = XCSwiftPackageProductDependency;
			package = 4BC900912BA87D000087D290 /* XCRemoteSwiftPackageReference "XCoordinator" */;
			productName = XCoordinatorRx;
		};
/* End XCSwiftPackageProductDependency section */

/* Begin XCVersionGroup section */
		4BB193B72B94D71E0007764C /* SplitterIOS.xcdatamodeld */ = {
			isa = XCVersionGroup;
			children = (
				4BB193B82B94D71E0007764C /* SplitterIOS.xcdatamodel */,
			);
			currentVersion = 4BB193B82B94D71E0007764C /* SplitterIOS.xcdatamodel */;
			path = SplitterIOS.xcdatamodeld;
			sourceTree = "<group>";
			versionGroupType = wrapper.xcdatamodel;
		};
/* End XCVersionGroup section */
	};
	rootObject = 4BB193A32B94D71E0007764C /* Project object */;
}
